<?xml version="1.0" encoding="utf-8"?>
<Project ToolsVersion="4.0" xmlns="http://schemas.microsoft.com/developer/msbuild/2003">
  <ItemGroup>
    <Filter Include="소스 파일">
      <UniqueIdentifier>{4FC737F1-C7A5-4376-A066-2A32D752A2FF}</UniqueIdentifier>
      <Extensions>cpp;c;cc;cxx;c++;def;odl;idl;hpj;bat;asm;asmx</Extensions>
    </Filter>
    <Filter Include="헤더 파일">
      <UniqueIdentifier>{93995380-89BD-4b04-88EB-625FBE52EBFB}</UniqueIdentifier>
      <Extensions>h;hh;hpp;hxx;h++;hm;inl;inc;ipp;xsd</Extensions>
    </Filter>
    <Filter Include="리소스 파일">
      <UniqueIdentifier>{67DA6AB6-F800-4c08-8B7A-83BB121AAD01}</UniqueIdentifier>
      <Extensions>rc;ico;cur;bmp;dlg;rc2;rct;bin;rgs;gif;jpg;jpeg;jpe;resx;tiff;tif;png;wav;mfcribbon-ms</Extensions>
    </Filter>
    <Filter Include="GameMode">
      <UniqueIdentifier>{07b81fdc-a1a9-4563-be52-cc83fe56a223}</UniqueIdentifier>
    </Filter>
    <Filter Include="UI">
      <UniqueIdentifier>{1c224bcf-591f-47e8-b1f5-a66b72aac6a2}</UniqueIdentifier>
    </Filter>
    <Filter Include="Event">
      <UniqueIdentifier>{14144006-4788-4e57-a71e-4d9f46aef21e}</UniqueIdentifier>
    </Filter>
    <Filter Include="Input">
      <UniqueIdentifier>{36301c57-627b-4e15-8ea1-1e8035026c71}</UniqueIdentifier>
    </Filter>
    <Filter Include="Input\커맨드">
      <UniqueIdentifier>{41d2f33f-245f-479d-a6a7-8c38b2a08fcb}</UniqueIdentifier>
    </Filter>
    <Filter Include="GameState">
      <UniqueIdentifier>{393ed951-6e46-45e2-8b09-ed5b9febef7b}</UniqueIdentifier>
    </Filter>
    <Filter Include="Controllers">
      <UniqueIdentifier>{122419d3-b443-47f6-864f-e4d9b1358a19}</UniqueIdentifier>
    </Filter>
    <Filter Include="UI\HUD">
      <UniqueIdentifier>{eac6347a-1d03-43a1-a61a-a03b8b1302f3}</UniqueIdentifier>
    </Filter>
    <Filter Include="Camera">
      <UniqueIdentifier>{94b1de7c-a75f-4b28-b11d-f180cbb6675f}</UniqueIdentifier>
    </Filter>
    <Filter Include="World">
      <UniqueIdentifier>{4dfcd6d5-05d4-48e0-a012-82caa37e272d}</UniqueIdentifier>
    </Filter>
    <Filter Include="Components">
      <UniqueIdentifier>{221a01f7-cbc2-401b-be09-f81b6b8ca66e}</UniqueIdentifier>
    </Filter>
    <Filter Include="Audio">
      <UniqueIdentifier>{14d6d5db-d700-47ca-aa3d-dd22a666d699}</UniqueIdentifier>
    </Filter>
    <Filter Include="Actors %28폐기 예정%29">
      <UniqueIdentifier>{a0c5473a-0535-4547-b9e0-888072153b50}</UniqueIdentifier>
    </Filter>
    <Filter Include="Actors %28폐기 예정%29\Pawns">
      <UniqueIdentifier>{64e454c7-3c70-42b3-9f64-efbd11f4e8a4}</UniqueIdentifier>
    </Filter>
    <Filter Include="Actors %28폐기 예정%29\Pawns\Monsters">
      <UniqueIdentifier>{1f512024-e172-4482-b2ae-e6e8025fe2f0}</UniqueIdentifier>
    </Filter>
    <Filter Include="GameObject">
      <UniqueIdentifier>{ce8e60e4-9465-4768-806f-c6bf59332b44}</UniqueIdentifier>
    </Filter>
    <Filter Include="Observer">
      <UniqueIdentifier>{fa31f9e8-85ad-49d8-892c-ec2e338b85e9}</UniqueIdentifier>
    </Filter>
  </ItemGroup>
  <ItemGroup>
    <ClCompile Include="pch.cpp">
      <Filter>소스 파일</Filter>
    </ClCompile>
    <ClCompile Include="main.cpp">
      <Filter>소스 파일</Filter>
    </ClCompile>
    <ClCompile Include="Game.cpp">
      <Filter>소스 파일</Filter>
    </ClCompile>
    <ClCompile Include="WindowSetting.cpp">
      <Filter>소스 파일</Filter>
    </ClCompile>
    <ClCompile Include="InputHandler.cpp">
      <Filter>Input</Filter>
    </ClCompile>
    <ClCompile Include="MoveRightCommand.cpp">
      <Filter>Input\커맨드</Filter>
    </ClCompile>
    <ClCompile Include="MoveLeftCommand.cpp">
      <Filter>Input\커맨드</Filter>
    </ClCompile>
    <ClCompile Include="GameMode.cpp">
      <Filter>GameMode</Filter>
    </ClCompile>
    <ClCompile Include="Actor.cpp">
      <Filter>Actors %28폐기 예정%29</Filter>
    </ClCompile>
    <ClCompile Include="PlayGameMode.cpp">
      <Filter>GameMode</Filter>
    </ClCompile>
    <ClCompile Include="MoveUpCommand.cpp">
      <Filter>Input\커맨드</Filter>
    </ClCompile>
    <ClCompile Include="MoveDownCommand.cpp">
      <Filter>Input\커맨드</Filter>
    </ClCompile>
    <ClCompile Include="UI.cpp">
      <Filter>UI</Filter>
    </ClCompile>
    <ClCompile Include="MainmenuGameMode.cpp">
      <Filter>GameMode</Filter>
    </ClCompile>
    <ClCompile Include="Button.cpp">
      <Filter>UI</Filter>
    </ClCompile>
    <ClCompile Include="Player.cpp">
      <Filter>Actors %28폐기 예정%29\Pawns</Filter>
    </ClCompile>
    <ClCompile Include="Pawn.cpp">
      <Filter>Actors %28폐기 예정%29\Pawns</Filter>
    </ClCompile>
    <ClCompile Include="EventHandler.cpp">
      <Filter>Event</Filter>
    </ClCompile>
    <ClCompile Include="Command.cpp">
      <Filter>Input\커맨드</Filter>
    </ClCompile>
    <ClCompile Include="Window.cpp">
      <Filter>UI</Filter>
    </ClCompile>
    <ClCompile Include="Controller.cpp">
      <Filter>Controllers</Filter>
    </ClCompile>
    <ClCompile Include="HUD.cpp">
      <Filter>UI\HUD</Filter>
    </ClCompile>
    <ClCompile Include="World.cpp">
      <Filter>World</Filter>
    </ClCompile>
    <ClCompile Include="Components.cpp">
      <Filter>Components</Filter>
    </ClCompile>
    <ClCompile Include="GameObject.cpp">
      <Filter>GameObject</Filter>
    </ClCompile>
  </ItemGroup>
  <ItemGroup>
    <ClInclude Include="pch.h">
      <Filter>헤더 파일</Filter>
    </ClInclude>
    <ClInclude Include="Game.h">
      <Filter>헤더 파일</Filter>
    </ClInclude>
    <ClInclude Include="WindowSetting.h">
      <Filter>헤더 파일</Filter>
    </ClInclude>
    <ClInclude Include="InputHandler.h">
      <Filter>Input</Filter>
    </ClInclude>
    <ClInclude Include="MoveRightCommand.h">
      <Filter>Input\커맨드</Filter>
    </ClInclude>
    <ClInclude Include="MoveLeftCommand.h">
      <Filter>Input\커맨드</Filter>
    </ClInclude>
    <ClInclude Include="GameMode.h">
      <Filter>GameMode</Filter>
    </ClInclude>
    <ClInclude Include="Actor.h">
      <Filter>Actors %28폐기 예정%29</Filter>
    </ClInclude>
    <ClInclude Include="PlayGameMode.h">
      <Filter>GameMode</Filter>
    </ClInclude>
    <ClInclude Include="MoveUpCommand.h">
      <Filter>Input\커맨드</Filter>
    </ClInclude>
    <ClInclude Include="MoveDownCommand.h">
      <Filter>Input\커맨드</Filter>
    </ClInclude>
    <ClInclude Include="UI.h">
      <Filter>UI</Filter>
    </ClInclude>
    <ClInclude Include="MainmenuGameMode.h">
      <Filter>GameMode</Filter>
    </ClInclude>
    <ClInclude Include="Button.h">
      <Filter>UI</Filter>
    </ClInclude>
    <ClInclude Include="Player.h">
      <Filter>Actors %28폐기 예정%29\Pawns</Filter>
    </ClInclude>
    <ClInclude Include="Pawn.h">
      <Filter>Actors %28폐기 예정%29\Pawns</Filter>
    </ClInclude>
    <ClInclude Include="EventHandler.h">
      <Filter>Event</Filter>
    </ClInclude>
    <ClInclude Include="Command.h">
      <Filter>Input\커맨드</Filter>
    </ClInclude>
    <ClInclude Include="Window.h">
      <Filter>UI</Filter>
    </ClInclude>
    <ClInclude Include="Controller.h">
      <Filter>Controllers</Filter>
    </ClInclude>
    <ClInclude Include="HUD.h">
      <Filter>UI\HUD</Filter>
    </ClInclude>
    <ClInclude Include="World.h">
      <Filter>World</Filter>
    </ClInclude>
    <ClInclude Include="Components.h">
      <Filter>Components</Filter>
    </ClInclude>
    <ClInclude Include="GameObject.h">
      <Filter>GameObject</Filter>
    </ClInclude>
  </ItemGroup>
</Project>