<?xml version="1.0" encoding="utf-8"?>
<Project ToolsVersion="4.0" xmlns="http://schemas.microsoft.com/developer/msbuild/2003">
  <ItemGroup>
    <Filter Include="헤더 파일">
      <UniqueIdentifier>{93995380-89BD-4b04-88EB-625FBE52EBFB}</UniqueIdentifier>
      <Extensions>h;hh;hpp;hxx;h++;hm;inl;inc;ipp;xsd</Extensions>
    </Filter>
    <Filter Include="리소스 파일">
      <UniqueIdentifier>{67DA6AB6-F800-4c08-8B7A-83BB121AAD01}</UniqueIdentifier>
      <Extensions>rc;ico;cur;bmp;dlg;rc2;rct;bin;rgs;gif;jpg;jpeg;jpe;resx;tiff;tif;png;wav;mfcribbon-ms</Extensions>
    </Filter>
    <Filter Include="소스 파일">
      <UniqueIdentifier>{4FC737F1-C7A5-4376-A066-2A32D752A2FF}</UniqueIdentifier>
      <Extensions>cpp;c;cc;cxx;c++;def;odl;idl;hpj;bat;asm;asmx</Extensions>
    </Filter>
    <Filter Include="Game">
      <UniqueIdentifier>{3df6f9a4-c003-42ac-a4ef-1a3feab414e8}</UniqueIdentifier>
    </Filter>
    <Filter Include="Aat Engine">
      <UniqueIdentifier>{08bd1b33-867b-409a-af62-77413a822a35}</UniqueIdentifier>
    </Filter>
    <Filter Include="Aat Engine\GameObject">
      <UniqueIdentifier>{198d1603-3e36-41e1-b4eb-e6de7b915971}</UniqueIdentifier>
    </Filter>
    <Filter Include="Aat Engine\WindowSystem">
      <UniqueIdentifier>{b1d57fc0-5a19-472b-a27f-825f8ff36ec3}</UniqueIdentifier>
    </Filter>
    <Filter Include="Aat Engine\Component">
      <UniqueIdentifier>{c43f9c51-e070-4827-947f-cc4488478ea3}</UniqueIdentifier>
    </Filter>
    <Filter Include="Aat Engine\Controller">
      <UniqueIdentifier>{3b0f9a37-3058-4d71-88ea-c83894f3d08d}</UniqueIdentifier>
    </Filter>
    <Filter Include="Aat Engine\Config">
      <UniqueIdentifier>{e413f88c-83f1-439f-8396-b96e9c153435}</UniqueIdentifier>
    </Filter>
    <Filter Include="Aat Engine\LuaEngine">
      <UniqueIdentifier>{67f93e89-53fa-4231-b263-c1e94fa7c974}</UniqueIdentifier>
    </Filter>
    <Filter Include="Aat Engine\LuaEngine\Scripts">
      <UniqueIdentifier>{62d9e0d5-4586-4665-aecd-c041e5030ebc}</UniqueIdentifier>
    </Filter>
    <Filter Include="Aat Engine\Logger">
      <UniqueIdentifier>{f28989f3-6d7d-4e2e-918d-84237f8cdc72}</UniqueIdentifier>
    </Filter>
    <Filter Include="Aat Engine\Input">
      <UniqueIdentifier>{0d87ca7e-6a47-46ea-b372-d54ff774f5e8}</UniqueIdentifier>
    </Filter>
    <Filter Include="Aat Engine\GameMode">
      <UniqueIdentifier>{fa66c8a3-2b62-4e0a-98e6-717ef43fced5}</UniqueIdentifier>
    </Filter>
    <Filter Include="Aat Engine\State">
      <UniqueIdentifier>{94ded731-d536-484e-8b0c-a48c4d72ba21}</UniqueIdentifier>
    </Filter>
    <Filter Include="Aat Engine\Engine">
      <UniqueIdentifier>{abdbcb70-e83a-4de3-aed0-16ba2b00432c}</UniqueIdentifier>
    </Filter>
  </ItemGroup>
  <ItemGroup>
    <ClCompile Include="Window.cpp">
      <Filter>Aat Engine\WindowSystem</Filter>
    </ClCompile>
    <ClCompile Include="ScriptEngine.cpp">
      <Filter>Aat Engine\LuaEngine</Filter>
    </ClCompile>
    <ClCompile Include="GameObjects.cpp">
      <Filter>Aat Engine\GameObject</Filter>
    </ClCompile>
    <ClCompile Include="Input.cpp">
      <Filter>Aat Engine\Input</Filter>
    </ClCompile>
    <ClCompile Include="InputManager.cpp">
      <Filter>Aat Engine\Input</Filter>
    </ClCompile>
    <ClCompile Include="main.cpp">
      <Filter>Game</Filter>
    </ClCompile>
    <ClCompile Include="GameState.cpp">
      <Filter>Aat Engine\State</Filter>
    </ClCompile>
    <ClCompile Include="Components.cpp">
      <Filter>Aat Engine\Component</Filter>
    </ClCompile>
    <ClCompile Include="Engine.cpp">
      <Filter>Aat Engine\Engine</Filter>
    </ClCompile>
    <ClCompile Include="EngineState.cpp">
      <Filter>Aat Engine\Engine</Filter>
    </ClCompile>
    <ClCompile Include="Functions.cpp">
      <Filter>Aat Engine\LuaEngine</Filter>
    </ClCompile>
    <ClCompile Include="pch.cpp">
      <Filter>소스 파일</Filter>
    </ClCompile>
    <ClCompile Include="WindowSetting.cpp">
      <Filter>Aat Engine\WindowSystem</Filter>
    </ClCompile>
  </ItemGroup>
  <ItemGroup>
    <ClInclude Include="Window.h">
      <Filter>Aat Engine\WindowSystem</Filter>
    </ClInclude>
    <ClInclude Include="ScriptEngine.h">
      <Filter>Aat Engine\LuaEngine</Filter>
    </ClInclude>
    <ClInclude Include="GameObjects.h">
      <Filter>Aat Engine\GameObject</Filter>
    </ClInclude>
    <ClInclude Include="Input.h">
      <Filter>Aat Engine\Input</Filter>
    </ClInclude>
    <ClInclude Include="InputManager.h">
      <Filter>Aat Engine\Input</Filter>
    </ClInclude>
    <ClInclude Include="GameState.h">
      <Filter>Aat Engine\State</Filter>
    </ClInclude>
    <ClInclude Include="Components.h">
      <Filter>Aat Engine\Component</Filter>
    </ClInclude>
    <ClInclude Include="Engine.h">
      <Filter>Aat Engine\Engine</Filter>
    </ClInclude>
    <ClInclude Include="EngineState.h">
      <Filter>Aat Engine\Engine</Filter>
    </ClInclude>
    <ClInclude Include="pch.h">
      <Filter>헤더 파일</Filter>
    </ClInclude>
    <ClInclude Include="WindowSetting.h">
      <Filter>Aat Engine\WindowSystem</Filter>
    </ClInclude>
  </ItemGroup>
  <ItemGroup>
    <None Include="player.lua">
      <Filter>Aat Engine\LuaEngine\Scripts</Filter>
    </None>
    <None Include="GameMode_Lua.lua">
      <Filter>Aat Engine\LuaEngine\Scripts</Filter>
    </None>
    <None Include="Window.lua">
      <Filter>Aat Engine\LuaEngine\Scripts</Filter>
    </None>
    <None Include="test.lua">
      <Filter>Aat Engine\LuaEngine\Scripts</Filter>
    </None>
  </ItemGroup>
</Project>